
Microsoft Visual Studio Solution File, Format Version 12.00
# Visual Studio Version 16
VisualStudioVersion = 16.0.30907.101
MinimumVisualStudioVersion = 10.0.40219.1
Project("{FAE04EC0-301F-11D3-BF4B-00C04F79EFBC}") = "WindowsForms Figures", "WindowsForms Figures\WindowsForms Figures.csproj", "{6AA43FF9-4679-424B-8C08-C3D3889284ED}"
EndProject
Global
	GlobalSection(SolutionConfigurationPlatforms) = preSolution
		Debug|Any CPU = Debug|Any CPU
		Release|Any CPU = Release|Any CPU
	EndGlobalSection
	GlobalSection(ProjectConfigurationPlatforms) = postSolution
		{6AA43FF9-4679-424B-8C08-C3D3889284ED}.Debug|Any CPU.ActiveCfg = Debug|Any CPU
		{6AA43FF9-4679-424B-8C08-C3D3889284ED}.Debug|Any CPU.Build.0 = Debug|Any CPU
		{6AA43FF9-4679-424B-8C08-C3D3889284ED}.Release|Any CPU.ActiveCfg = Release|Any CPU
		{6AA43FF9-4679-424B-8C08-C3D3889284ED}.Release|Any CPU.Build.0 = Release|Any CPU
	EndGlobalSection
	GlobalSection(SolutionProperties) = preSolution
		HideSolutionNode = FALSE
	EndGlobalSection
	GlobalSection(ExtensibilityGlobals) = postSolution
		SolutionGuid = {7DF08351-7C5C-454B-8E47-D724289BF6A3}
	EndGlobalSection
EndGlobal
